
Microsoft Visual Studio Solution File, Format Version 12.00
Project("{FAE04EC0-301F-11D3-BF4B-00C04F79EFBC}") = "Lee Algorithm", "Lee Algorithm\Lee Algorithm.csproj", "{E75661ED-847C-4040-8F58-B0FE2E9FDF52}"
EndProject
Global
	GlobalSection(SolutionConfigurationPlatforms) = preSolution
		Debug|Any CPU = Debug|Any CPU
		Release|Any CPU = Release|Any CPU
	EndGlobalSection
	GlobalSection(ProjectConfigurationPlatforms) = postSolution
		{E75661ED-847C-4040-8F58-B0FE2E9FDF52}.Debug|Any CPU.ActiveCfg = Debug|Any CPU
		{E75661ED-847C-4040-8F58-B0FE2E9FDF52}.Debug|Any CPU.Build.0 = Debug|Any CPU
		{E75661ED-847C-4040-8F58-B0FE2E9FDF52}.Release|Any CPU.ActiveCfg = Release|Any CPU
		{E75661ED-847C-4040-8F58-B0FE2E9FDF52}.Release|Any CPU.Build.0 = Release|Any CPU
	EndGlobalSection
EndGlobal
